
Microsoft Visual Studio Solution File, Format Version 12.00
# Visual Studio Version 16
VisualStudioVersion = 16.0.30717.126
MinimumVisualStudioVersion = 10.0.40219.1
Project("{FAE04EC0-301F-11D3-BF4B-00C04F79EFBC}") = "MvcMovie", "MvcMovie\MvcMovie.csproj", "{13F45599-00A3-497D-88DE-6489FDCE5EE2}"
EndProject
Global
	GlobalSection(SolutionConfigurationPlatforms) = preSolution
		Debug|Any CPU = Debug|Any CPU
		Release|Any CPU = Release|Any CPU
	EndGlobalSection
	GlobalSection(ProjectConfigurationPlatforms) = postSolution
		{13F45599-00A3-497D-88DE-6489FDCE5EE2}.Debug|Any CPU.ActiveCfg = Debug|Any CPU
		{13F45599-00A3-497D-88DE-6489FDCE5EE2}.Debug|Any CPU.Build.0 = Debug|Any CPU
		{13F45599-00A3-497D-88DE-6489FDCE5EE2}.Release|Any CPU.ActiveCfg = Release|Any CPU
		{13F45599-00A3-497D-88DE-6489FDCE5EE2}.Release|Any CPU.Build.0 = Release|Any CPU
	EndGlobalSection
	GlobalSection(SolutionProperties) = preSolution
		HideSolutionNode = FALSE
	EndGlobalSection
	GlobalSection(ExtensibilityGlobals) = postSolution
		SolutionGuid = {5F47775B-144A-4927-A09C-B5825E9FD9DA}
	EndGlobalSection
EndGlobal
